<?xml version="1.0" encoding="utf-8"?>
<Project ToolsVersion="4.0" xmlns="http://schemas.microsoft.com/developer/msbuild/2003">
  <ItemGroup>
    <Filter Include="Source Files">
      <UniqueIdentifier>{4FC737F1-C7A5-4376-A066-2A32D752A2FF}</UniqueIdentifier>
      <Extensions>cpp;c;cc;cxx;def;odl;idl;hpj;bat;asm;asmx</Extensions>
    </Filter>
    <Filter Include="Header Files">
      <UniqueIdentifier>{93995380-89BD-4b04-88EB-625FBE52EBFB}</UniqueIdentifier>
      <Extensions>h;hh;hpp;hxx;hm;inl;inc;ipp;xsd</Extensions>
    </Filter>
    <Filter Include="Resource Files">
      <UniqueIdentifier>{67DA6AB6-F800-4c08-8B7A-83BB121AAD01}</UniqueIdentifier>
      <Extensions>rc;ico;cur;bmp;dlg;rc2;rct;bin;rgs;gif;jpg;jpeg;jpe;resx;tiff;tif;png;wav;mfcribbon-ms</Extensions>
    </Filter>
    <Filter Include="Enemies">
      <UniqueIdentifier>{e535807f-97de-416b-81e4-a3669fc6f816}</UniqueIdentifier>
    </Filter>
    <Filter Include="Framework">
      <UniqueIdentifier>{1bd7ac58-4af2-494a-b900-3555f9caafe3}</UniqueIdentifier>
    </Filter>
    <Filter Include="GameObjects">
      <UniqueIdentifier>{23296b44-1a49-4a37-b01f-e656562b8362}</UniqueIdentifier>
    </Filter>
  </ItemGroup>
  <ItemGroup>
    <ClCompile Include="main.cpp">
      <Filter>Framework</Filter>
    </ClCompile>
    <ClCompile Include="GameObject.cpp">
      <Filter>Source Files</Filter>
    </ClCompile>
    <ClCompile Include="Sprites.cpp">
      <Filter>Source Files</Filter>
    </ClCompile>
    <ClCompile Include="Ground.cpp">
      <Filter>Source Files</Filter>
    </ClCompile>
    <ClCompile Include="Game.cpp">
      <Filter>Source Files</Filter>
    </ClCompile>
    <ClCompile Include="Textures.cpp">
      <Filter>Source Files</Filter>
    </ClCompile>
    <ClCompile Include="BigFire.cpp">
      <Filter>Source Files</Filter>
    </ClCompile>
    <ClCompile Include="debug.cpp">
      <Filter>Source Files</Filter>
    </ClCompile>
    <ClCompile Include="Whip.cpp">
      <Filter>Source Files</Filter>
    </ClCompile>
    <ClCompile Include="Map.cpp">
      <Filter>Source Files</Filter>
    </ClCompile>
    <ClCompile Include="Simon.cpp">
      <Filter>Source Files</Filter>
    </ClCompile>
  </ItemGroup>
  <ItemGroup>
    <ClInclude Include="GameObject.h">
      <Filter>Header Files</Filter>
    </ClInclude>
    <ClInclude Include="Sprites.h">
      <Filter>Header Files</Filter>
    </ClInclude>
    <ClInclude Include="Ground.h">
      <Filter>Header Files</Filter>
    </ClInclude>
    <ClInclude Include="Game.h">
      <Filter>Header Files</Filter>
    </ClInclude>
    <ClInclude Include="Textures.h">
      <Filter>Header Files</Filter>
    </ClInclude>
    <ClInclude Include="Simon.h">
      <Filter>Header Files</Filter>
    </ClInclude>
    <ClInclude Include="BigFire.h">
      <Filter>Header Files</Filter>
    </ClInclude>
    <ClInclude Include="debug.h">
      <Filter>Header Files</Filter>
    </ClInclude>
    <ClInclude Include="Whip.h">
      <Filter>Header Files</Filter>
    </ClInclude>
    <ClInclude Include="Map.h">
      <Filter>Header Files</Filter>
    </ClInclude>
  </ItemGroup>
  <ItemGroup>
    <Image Include="Castlevania\0.png">
      <Filter>Resource Files</Filter>
    </Image>
    <Image Include="Castlevania\1.png">
      <Filter>Resource Files</Filter>
    </Image>
    <Image Include="Castlevania\123.png">
      <Filter>Resource Files</Filter>
    </Image>
    <Image Include="Castlevania\2.png">
      <Filter>Resource Files</Filter>
    </Image>
    <Image Include="Castlevania\13.png">
      <Filter>Resource Files</Filter>
    </Image>
    <Image Include="Castlevania\BIG_HEART.png">
      <Filter>Resource Files</Filter>
    </Image>
    <Image Include="Castlevania\BRICK1.png">
      <Filter>Resource Files</Filter>
    </Image>
    <Image Include="Castlevania\KNIFE_ACTION.png">
      <Filter>Resource Files</Filter>
    </Image>
    <Image Include="Castlevania\Simon_right.png">
      <Filter>Resource Files</Filter>
    </Image>
    <Image Include="Castlevania\Simon_ver_editted.png">
      <Filter>Resource Files</Filter>
    </Image>
    <Image Include="Castlevania\ground.png">
      <Filter>Resource Files</Filter>
    </Image>
    <Image Include="Castlevania\lv1.png">
      <Filter>Resource Files</Filter>
    </Image>
    <Image Include="Castlevania\stair_.png">
      <Filter>Resource Files</Filter>
    </Image>
    <Image Include="Castlevania\WHIP_VIP.png">
      <Filter>Resource Files</Filter>
    </Image>
    <Image Include="Castlevania\WHIP.png">
      <Filter>Resource Files</Filter>
    </Image>
    <Image Include="Castlevania\WHIP_left.png">
      <Filter>Resource Files</Filter>
    </Image>
    <Image Include="Castlevania\tileset.png">
      <Filter>Resource Files</Filter>
    </Image>
  </ItemGroup>
  <ItemGroup>
    <Text Include="Castlevania\Mapstate.txt">
      <Filter>Resource Files</Filter>
    </Text>
  </ItemGroup>
</Project>